
Microsoft Visual Studio Solution File, Format Version 12.00
# Visual Studio Version 17
VisualStudioVersion = 17.14.36301.6 d17.14
MinimumVisualStudioVersion = 10.0.40219.1
Project("{FAE04EC0-301F-11D3-BF4B-00C04F79EFBC}") = "BackEnd_DotnetCore", "BackEnd_DotnetCore.csproj", "{D5BD5EA3-AD47-45BB-946C-C04AF15A1DB4}"
EndProject
Global
	GlobalSection(SolutionConfigurationPlatforms) = preSolution
		Debug|Any CPU = Debug|Any CPU
		Release|Any CPU = Release|Any CPU
	EndGlobalSection
	GlobalSection(ProjectConfigurationPlatforms) = postSolution
		{D5BD5EA3-AD47-45BB-946C-C04AF15A1DB4}.Debug|Any CPU.ActiveCfg = Debug|Any CPU
		{D5BD5EA3-AD47-45BB-946C-C04AF15A1DB4}.Debug|Any CPU.Build.0 = Debug|Any CPU
		{D5BD5EA3-AD47-45BB-946C-C04AF15A1DB4}.Release|Any CPU.ActiveCfg = Release|Any CPU
		{D5BD5EA3-AD47-45BB-946C-C04AF15A1DB4}.Release|Any CPU.Build.0 = Release|Any CPU
	EndGlobalSection
	GlobalSection(SolutionProperties) = preSolution
		HideSolutionNode = FALSE
	EndGlobalSection
	GlobalSection(ExtensibilityGlobals) = postSolution
		SolutionGuid = {D614CCBD-5806-48D1-A3A2-9C412BCC724C}
	EndGlobalSection
EndGlobal
